// !$*UTF8*$!
{
	archiveVersion = 1;
	classes = {
	};
	objectVersion = 46;
	objects = {

/* Begin PBXBuildFile section */
		BB8464601CD392D900A1D6BD /* main.m in Sources */ = {isa = PBXBuildFile; fileRef = BB84645F1CD392D900A1D6BD /* main.m */; };
		BB8464631CD392D900A1D6BD /* AppDelegate.m in Sources */ = {isa = PBXBuildFile; fileRef = BB8464621CD392D900A1D6BD /* AppDelegate.m */; };
		BB8464661CD392D900A1D6BD /* ViewController.m in Sources */ = {isa = PBXBuildFile; fileRef = BB8464651CD392D900A1D6BD /* ViewController.m */; };
		BB8464691CD392D900A1D6BD /* Main.storyboard in Resources */ = {isa = PBXBuildFile; fileRef = BB8464671CD392D900A1D6BD /* Main.storyboard */; };
		BB84646B1CD392D900A1D6BD /* Assets.xcassets in Resources */ = {isa = PBXBuildFile; fileRef = BB84646A1CD392D900A1D6BD /* Assets.xcassets */; };
		BB84646E1CD392D900A1D6BD /* LaunchScreen.storyboard in Resources */ = {isa = PBXBuildFile; fileRef = BB84646C1CD392D900A1D6BD /* LaunchScreen.storyboard */; };
/* End PBXBuildFile section */

/* Begin PBXFileReference section */
		BB84645B1CD392D800A1D6BD /* WebKitDemo.app */ = {isa = PBXFileReference; explicitFileType = wrapper.application; includeInIndex = 0; path = WebKitDemo.app; sourceTree = BUILT_PRODUCTS_DIR; };
		BB84645F1CD392D900A1D6BD /* main.m */ = {isa = PBXFileReference; lastKnownFileType = sourcecode.c.objc; path = main.m; sourceTree = "<group>"; };
		BB8464611CD392D900A1D6BD /* AppDelegate.h */ = {isa = PBXFileReference; lastKnownFileType = sourcecode.c.h; path = AppDelegate.h; sourceTree = "<group>"; };
		BB8464621CD392D900A1D6BD /* AppDelegate.m */ = {isa = PBXFileReference; lastKnownFileType = sourcecode.c.objc; path = AppDelegate.m; sourceTree = "<group>"; };
		BB8464641CD392D900A1D6BD /* ViewController.h */ = {isa = PBXFileReference; lastKnownFileType = sourcecode.c.h; path = ViewController.h; sourceTree = "<group>"; };
		BB8464651CD392D900A1D6BD /* ViewController.m */ = {isa = PBXFileReference; lastKnownFileType = sourcecode.c.objc; path = ViewController.m; sourceTree = "<group>"; };
		BB8464681CD392D900A1D6BD /* Base */ = {isa = PBXFileReference; lastKnownFileType = file.storyboard; name = Base; path = Base.lproj/Main.storyboard; sourceTree = "<group>"; };
		BB84646A1CD392D900A1D6BD /* Assets.xcassets */ = {isa = PBXFileReference; lastKnownFileType = folder.assetcatalog; path = Assets.xcassets; sourceTree = "<group>"; };
		BB84646D1CD392D900A1D6BD /* Base */ = {isa = PBXFileReference; lastKnownFileType = file.storyboard; name = Base; path = Base.lproj/LaunchScreen.storyboard; sourceTree = "<group>"; };
		BB84646F1CD392D900A1D6BD /* Info.plist */ = {isa = PBXFileReference; lastKnownFileType = text.plist.xml; path = Info.plist; sourceTree = "<group>"; };
/* End PBXFileReference section */

/* Begin PBXFrameworksBuildPhase section */
		BB8464581CD392D800A1D6BD /* Frameworks */ = {
			isa = PBXFrameworksBuildPhase;
			buildActionMask = 2147483647;
			files = (
			);
			runOnlyForDeploymentPostprocessing = 0;
		};
/* End PBXFrameworksBuildPhase section */

/* Begin PBXGroup section */
		BB8464521CD392D800A1D6BD = {
			isa = PBXGroup;
			children = (
				BB84645D1CD392D900A1D6BD /* WebKitDemo */,
				BB84645C1CD392D800A1D6BD /* Products */,
			);
			sourceTree = "<group>";
		};
		BB84645C1CD392D800A1D6BD /* Products */ = {
			isa = PBXGroup;
			children = (
				BB84645B1CD392D800A1D6BD /* WebKitDemo.app */,
			);
			name = Products;
			sourceTree = "<group>";
		};
		BB84645D1CD392D900A1D6BD /* WebKitDemo */ = {
			isa = PBXGroup;
			children = (
				BB8464611CD392D900A1D6BD /* AppDelegate.h */,
				BB8464621CD392D900A1D6BD /* AppDelegate.m */,
				BB8464641CD392D900A1D6BD /* ViewController.h */,
				BB8464651CD392D900A1D6BD /* ViewController.m */,
				BB8464671CD392D900A1D6BD /* Main.storyboard */,
				BB84646A1CD392D900A1D6BD /* Assets.xcassets */,
				BB84646C1CD392D900A1D6BD /* LaunchScreen.storyboard */,
				BB84646F1CD392D900A1D6BD /* Info.plist */,
				BB84645E1CD392D900A1D6BD /* Supporting Files */,
			);
			path = WebKitDemo;
			sourceTree = "<group>";
		};
		BB84645E1CD392D900A1D6BD /* Supporting Files */ = {
			isa = PBXGroup;
			children = (
				BB84645F1CD392D900A1D6BD /* main.m */,
			);
			name = "Supporting Files";
			sourceTree = "<group>";
		};
/* End PBXGroup section */

/* Begin PBXNativeTarget section */
		BB84645A1CD392D800A1D6BD /* WebKitDemo */ = {
			isa = PBXNativeTarget;
			buildConfigurationList = BB8464721CD392D900A1D6BD /* Build configuration list for PBXNativeTarget "WebKitDemo" */;
			buildPhases = (
				BB8464571CD392D800A1D6BD /* Sources */,
				BB8464581CD392D800A1D6BD /* Frameworks */,
				BB8464591CD392D800A1D6BD /* Resources */,
			);
			buildRules = (
			);
			dependencies = (
			);
			name = WebKitDemo;
			productName = WebKitDemo;
			productReference = BB84645B1CD392D800A1D6BD /* WebKitDemo.app */;
			productType = "com.apple.product-type.application";
		};
/* End PBXNativeTarget section */

/* Begin PBXProject section */
		BB8464531CD392D800A1D6BD /* Project object */ = {
			isa = PBXProject;
			attributes = {
				LastUpgradeCheck = 0730;
				ORGANIZATIONNAME = ChenShuKun;
				TargetAttributes = {
					BB84645A1CD392D800A1D6BD = {
						CreatedOnToolsVersion = 7.3;
					};
				};
			};
			buildConfigurationList = BB8464561CD392D800A1D6BD /* Build configuration list for PBXProject "WebKitDemo" */;
			compatibilityVersion = "Xcode 3.2";
			developmentRegion = English;
			hasScannedForEncodings = 0;
			knownRegions = (
				en,
				Base,
			);
			mainGroup = BB8464521CD392D800A1D6BD;
			productRefGroup = BB84645C1CD392D800A1D6BD /* Products */;
			projectDirPath = "";
			projectRoot = "";
			targets = (
				BB84645A1CD392D800A1D6BD /* WebKitDemo */,
			);
		};
/* End PBXProject section */

/* Begin PBXResourcesBuildPhase section */
		BB8464591CD392D800A1D6BD /* Resources */ = {
			isa = PBXResourcesBuildPhase;
			buildActionMask = 2147483647;
			files = (
				BB84646E1CD392D900A1D6BD /* LaunchScreen.storyboard in Resources */,
				BB84646B1CD392D900A1D6BD /* Assets.xcassets in Resources */,
				BB8464691CD392D900A1D6BD /* Main.storyboard in Resources */,
			);
			runOnlyForDeploymentPostprocessing = 0;
		};
/* End PBXResourcesBuildPhase section */

/* Begin PBXSourcesBuildPhase section */
		BB8464571CD392D800A1D6BD /* Sources */ = {
			isa = PBXSourcesBuildPhase;
			buildActionMask = 2147483647;
			files = (
				BB8464661CD392D900A1D6BD /* ViewController.m in Sources */,
				BB8464631CD392D900A1D6BD /* AppDelegate.m in Sources */,
				BB8464601CD392D900A1D6BD /* main.m in Sources */,
			);
			runOnlyForDeploymentPostprocessing = 0;
		};
/* End PBXSourcesBuildPhase section */

/* Begin PBXVariantGroup section */
		BB8464671CD392D900A1D6BD /* Main.storyboard */ = {
			isa = PBXVariantGroup;
			children = (
				BB8464681CD392D900A1D6BD /* Base */,
			);
			name = Main.storyboard;
			sourceTree = "<group>";
		};
		BB84646C1CD392D900A1D6BD /* LaunchScreen.storyboard */ = {
			isa = PBXVariantGroup;
			children = (
				BB84646D1CD392D900A1D6BD /* Base */,
			);
			name = LaunchScreen.storyboard;
			sourceTree = "<group>";
		};
/* End PBXVariantGroup section */

/* Begin XCBuildConfiguration section */
		BB8464701CD392D900A1D6BD /* Debug */ = {
			isa = XCBuildConfiguration;
			buildSettings = {
				ALWAYS_SEARCH_USER_PATHS = NO;
				CLANG_ANALYZER_NONNULL = YES;
				CLANG_CXX_LANGUAGE_STANDARD = "gnu++0x";
				CLANG_CXX_LIBRARY = "libc++";
				CLANG_ENABLE_MODULES = YES;
				CLANG_ENABLE_OBJC_ARC = YES;
				CLANG_WARN_BOOL_CONVERSION = YES;
				CLANG_WARN_CONSTANT_CONVERSION = YES;
				CLANG_WARN_DIRECT_OBJC_ISA_USAGE = YES_ERROR;
				CLANG_WARN_EMPTY_BODY = YES;
				CLANG_WARN_ENUM_CONVERSION = YES;
				CLANG_WARN_INT_CONVERSION = YES;
				CLANG_WARN_OBJC_ROOT_CLASS = YES_ERROR;
				CLANG_WARN_UNREACHABLE_CODE = YES;
				CLANG_WARN__DUPLICATE_METHOD_MATCH = YES;
				"CODE_SIGN_IDENTITY[sdk=iphoneos*]" = "iPhone Developer";
				COPY_PHASE_STRIP = NO;
				DEBUG_INFORMATION_FORMAT = dwarf;
				ENABLE_STRICT_OBJC_MSGSEND = YES;
				ENABLE_TESTABILITY = YES;
				GCC_C_LANGUAGE_STANDARD = gnu99;
				GCC_DYNAMIC_NO_PIC = NO;
				GCC_NO_COMMON_BLOCKS = YES;
				GCC_OPTIMIZATION_LEVEL = 0;
				GCC_PREPROCESSOR_DEFINITIONS = (
					"DEBUG=1",
					"$(inherited)",
				);
				GCC_WARN_64_TO_32_BIT_CONVERSION = YES;
				GCC_WARN_ABOUT_RETURN_TYPE = YES_ERROR;
				GCC_WARN_UNDECLARED_SELECTOR = YES;
				GCC_WARN_UNINITIALIZED_AUTOS = YES_AGGRESSIVE;
				GCC_WARN_UNUSED_FUNCTION = YES;
				GCC_WARN_UNUSED_VARIABLE = YES;
				IPHONEOS_DEPLOYMENT_TARGET = 9.3;
				MTL_ENABLE_DEBUG_INFO = YES;
				ONLY_ACTIVE_ARCH = YES;
				SDKROOT = iphoneos;
			};
			name = Debug;
		};
		BB8464711CD392D900A1D6BD /* Release */ = {
			isa = XCBuildConfiguration;
			buildSettings = {
				ALWAYS_SEARCH_USER_PATHS = NO;
				CLANG_ANALYZER_NONNULL = YES;
				CLANG_CXX_LANGUAGE_STANDARD = "gnu++0x";
				CLANG_CXX_LIBRARY = "libc++";
				CLANG_ENABLE_MODULES = YES;
				CLANG_ENABLE_OBJC_ARC = YES;
				CLANG_WARN_BOOL_CONVERSION = YES;
				CLANG_WARN_CONSTANT_CONVERSION = YES;
				CLANG_WARN_DIRECT_OBJC_ISA_USAGE = YES_ERROR;
				CLANG_WARN_EMPTY_BODY = YES;
				CLANG_WARN_ENUM_CONVERSION = YES;
				CLANG_WARN_INT_CONVERSION = YES;
				CLANG_WARN_OBJC_ROOT_CLASS = YES_ERROR;
				CLANG_WARN_UNREACHABLE_CODE = YES;
				CLANG_WARN__DUPLICATE_METHOD_MATCH = YES;
				"CODE_SIGN_IDENTITY[sdk=iphoneos*]" = "iPhone Developer";
				COPY_PHASE_STRIP = NO;
				DEBUG_INFORMATION_FORMAT = "dwarf-with-dsym";
				ENABLE_NS_ASSERTIONS = NO;
				ENABLE_STRICT_OBJC_MSGSEND = YES;
				GCC_C_LANGUAGE_STANDARD = gnu99;
				GCC_NO_COMMON_BLOCKS = YES;
				GCC_WARN_64_TO_32_BIT_CONVERSION = YES;
				GCC_WARN_ABOUT_RETURN_TYPE = YES_ERROR;
				GCC_WARN_UNDECLARED_SELECTOR = YES;
				GCC_WARN_UNINITIALIZED_AUTOS = YES_AGGRESSIVE;
				GCC_WARN_UNUSED_FUNCTION = YES;
				GCC_WARN_UNUSED_VARIABLE = YES;
				IPHONEOS_DEPLOYMENT_TARGET = 9.3;
				MTL_ENABLE_DEBUG_INFO = NO;
				SDKROOT = iphoneos;
				VALIDATE_PRODUCT = YES;
			};
			name = Release;
		};
		BB8464731CD392D900A1D6BD /* Debug */ = {
			isa = XCBuildConfiguration;
			buildSettings = {
				ASSETCATALOG_COMPILER_APPICON_NAME = AppIcon;
				INFOPLIST_FILE = WebKitDemo/Info.plist;
				LD_RUNPATH_SEARCH_PATHS = "$(inherited) @executable_path/Frameworks";
				PRODUCT_BUNDLE_IDENTIFIER = net.626Qichuang..WebKitDemo;
				PRODUCT_NAME = "$(TARGET_NAME)";
			};
			name = Debug;
		};
		BB8464741CD392D900A1D6BD /* Release */ = {
			isa = XCBuildConfiguration;
			buildSettings = {
				ASSETCATALOG_COMPILER_APPICON_NAME = AppIcon;
				INFOPLIST_FILE = WebKitDemo/Info.plist;
				LD_RUNPATH_SEARCH_PATHS = "$(inherited) @executable_path/Frameworks";
				PRODUCT_BUNDLE_IDENTIFIER = net.626Qichuang..WebKitDemo;
				PRODUCT_NAME = "$(TARGET_NAME)";
			};
			name = Release;
		};
/* End XCBuildConfiguration section */

/* Begin XCConfigurationList section */
		BB8464561CD392D800A1D6BD /* Build configuration list for PBXProject "WebKitDemo" */ = {
			isa = XCConfigurationList;
			buildConfigurations = (
				BB8464701CD392D900A1D6BD /* Debug */,
				BB8464711CD392D900A1D6BD /* Release */,
			);
			defaultConfigurationIsVisible = 0;
			defaultConfigurationName = Release;
		};
		BB8464721CD392D900A1D6BD /* Build configuration list for PBXNativeTarget "WebKitDemo" */ = {
			isa = XCConfigurationList;
			buildConfigurations = (
				BB8464731CD392D900A1D6BD /* Debug */,
				BB8464741CD392D900A1D6BD /* Release */,
			);
			defaultConfigurationIsVisible = 0;
		};
/* End XCConfigurationList section */
	};
	rootObject = BB8464531CD392D800A1D6BD /* Project object */;
}
