// !$*UTF8*$!
{
	archiveVersion = 1;
	classes = {
	};
	objectVersion = 46;
	objects = {

/* Begin PBXBuildFile section */
		BBD0DC2D1C244715004DB934 /* main.m in Sources */ = {isa = PBXBuildFile; fileRef = BBD0DC2C1C244715004DB934 /* main.m */; };
		BBD0DC301C244715004DB934 /* AppDelegate.m in Sources */ = {isa = PBXBuildFile; fileRef = BBD0DC2F1C244715004DB934 /* AppDelegate.m */; };
		BBD0DC331C244715004DB934 /* ViewController.m in Sources */ = {isa = PBXBuildFile; fileRef = BBD0DC321C244715004DB934 /* ViewController.m */; };
		BBD0DC361C244715004DB934 /* Main.storyboard in Resources */ = {isa = PBXBuildFile; fileRef = BBD0DC341C244715004DB934 /* Main.storyboard */; };
		BBD0DC381C244715004DB934 /* Assets.xcassets in Resources */ = {isa = PBXBuildFile; fileRef = BBD0DC371C244715004DB934 /* Assets.xcassets */; };
		BBD0DC3B1C244715004DB934 /* LaunchScreen.storyboard in Resources */ = {isa = PBXBuildFile; fileRef = BBD0DC391C244715004DB934 /* LaunchScreen.storyboard */; };
		BBD0DC431C2447F0004DB934 /* LocalAuthentication.framework in Frameworks */ = {isa = PBXBuildFile; fileRef = BBD0DC421C2447F0004DB934 /* LocalAuthentication.framework */; };
/* End PBXBuildFile section */

/* Begin PBXFileReference section */
		BBD0DC281C244715004DB934 /* fingerprintDemo.app */ = {isa = PBXFileReference; explicitFileType = wrapper.application; includeInIndex = 0; path = fingerprintDemo.app; sourceTree = BUILT_PRODUCTS_DIR; };
		BBD0DC2C1C244715004DB934 /* main.m */ = {isa = PBXFileReference; lastKnownFileType = sourcecode.c.objc; path = main.m; sourceTree = "<group>"; };
		BBD0DC2E1C244715004DB934 /* AppDelegate.h */ = {isa = PBXFileReference; lastKnownFileType = sourcecode.c.h; path = AppDelegate.h; sourceTree = "<group>"; };
		BBD0DC2F1C244715004DB934 /* AppDelegate.m */ = {isa = PBXFileReference; lastKnownFileType = sourcecode.c.objc; path = AppDelegate.m; sourceTree = "<group>"; };
		BBD0DC311C244715004DB934 /* ViewController.h */ = {isa = PBXFileReference; lastKnownFileType = sourcecode.c.h; path = ViewController.h; sourceTree = "<group>"; };
		BBD0DC321C244715004DB934 /* ViewController.m */ = {isa = PBXFileReference; lastKnownFileType = sourcecode.c.objc; path = ViewController.m; sourceTree = "<group>"; };
		BBD0DC351C244715004DB934 /* Base */ = {isa = PBXFileReference; lastKnownFileType = file.storyboard; name = Base; path = Base.lproj/Main.storyboard; sourceTree = "<group>"; };
		BBD0DC371C244715004DB934 /* Assets.xcassets */ = {isa = PBXFileReference; lastKnownFileType = folder.assetcatalog; path = Assets.xcassets; sourceTree = "<group>"; };
		BBD0DC3A1C244715004DB934 /* Base */ = {isa = PBXFileReference; lastKnownFileType = file.storyboard; name = Base; path = Base.lproj/LaunchScreen.storyboard; sourceTree = "<group>"; };
		BBD0DC3C1C244715004DB934 /* Info.plist */ = {isa = PBXFileReference; lastKnownFileType = text.plist.xml; path = Info.plist; sourceTree = "<group>"; };
		BBD0DC421C2447F0004DB934 /* LocalAuthentication.framework */ = {isa = PBXFileReference; lastKnownFileType = wrapper.framework; name = LocalAuthentication.framework; path = System/Library/Frameworks/LocalAuthentication.framework; sourceTree = SDKROOT; };
/* End PBXFileReference section */

/* Begin PBXFrameworksBuildPhase section */
		BBD0DC251C244715004DB934 /* Frameworks */ = {
			isa = PBXFrameworksBuildPhase;
			buildActionMask = 2147483647;
			files = (
				BBD0DC431C2447F0004DB934 /* LocalAuthentication.framework in Frameworks */,
			);
			runOnlyForDeploymentPostprocessing = 0;
		};
/* End PBXFrameworksBuildPhase section */

/* Begin PBXGroup section */
		BBD0DC1F1C244715004DB934 = {
			isa = PBXGroup;
			children = (
				BBD0DC421C2447F0004DB934 /* LocalAuthentication.framework */,
				BBD0DC2A1C244715004DB934 /* fingerprintDemo */,
				BBD0DC291C244715004DB934 /* Products */,
			);
			sourceTree = "<group>";
		};
		BBD0DC291C244715004DB934 /* Products */ = {
			isa = PBXGroup;
			children = (
				BBD0DC281C244715004DB934 /* fingerprintDemo.app */,
			);
			name = Products;
			sourceTree = "<group>";
		};
		BBD0DC2A1C244715004DB934 /* fingerprintDemo */ = {
			isa = PBXGroup;
			children = (
				BBD0DC2E1C244715004DB934 /* AppDelegate.h */,
				BBD0DC2F1C244715004DB934 /* AppDelegate.m */,
				BBD0DC311C244715004DB934 /* ViewController.h */,
				BBD0DC321C244715004DB934 /* ViewController.m */,
				BBD0DC341C244715004DB934 /* Main.storyboard */,
				BBD0DC371C244715004DB934 /* Assets.xcassets */,
				BBD0DC391C244715004DB934 /* LaunchScreen.storyboard */,
				BBD0DC3C1C244715004DB934 /* Info.plist */,
				BBD0DC2B1C244715004DB934 /* Supporting Files */,
			);
			path = fingerprintDemo;
			sourceTree = "<group>";
		};
		BBD0DC2B1C244715004DB934 /* Supporting Files */ = {
			isa = PBXGroup;
			children = (
				BBD0DC2C1C244715004DB934 /* main.m */,
			);
			name = "Supporting Files";
			sourceTree = "<group>";
		};
/* End PBXGroup section */

/* Begin PBXNativeTarget section */
		BBD0DC271C244715004DB934 /* fingerprintDemo */ = {
			isa = PBXNativeTarget;
			buildConfigurationList = BBD0DC3F1C244715004DB934 /* Build configuration list for PBXNativeTarget "fingerprintDemo" */;
			buildPhases = (
				BBD0DC241C244715004DB934 /* Sources */,
				BBD0DC251C244715004DB934 /* Frameworks */,
				BBD0DC261C244715004DB934 /* Resources */,
			);
			buildRules = (
			);
			dependencies = (
			);
			name = fingerprintDemo;
			productName = fingerprintDemo;
			productReference = BBD0DC281C244715004DB934 /* fingerprintDemo.app */;
			productType = "com.apple.product-type.application";
		};
/* End PBXNativeTarget section */

/* Begin PBXProject section */
		BBD0DC201C244715004DB934 /* Project object */ = {
			isa = PBXProject;
			attributes = {
				LastUpgradeCheck = 0710;
				ORGANIZATIONNAME = ChenShuKun;
				TargetAttributes = {
					BBD0DC271C244715004DB934 = {
						CreatedOnToolsVersion = 7.1;
					};
				};
			};
			buildConfigurationList = BBD0DC231C244715004DB934 /* Build configuration list for PBXProject "fingerprintDemo" */;
			compatibilityVersion = "Xcode 3.2";
			developmentRegion = English;
			hasScannedForEncodings = 0;
			knownRegions = (
				en,
				Base,
			);
			mainGroup = BBD0DC1F1C244715004DB934;
			productRefGroup = BBD0DC291C244715004DB934 /* Products */;
			projectDirPath = "";
			projectRoot = "";
			targets = (
				BBD0DC271C244715004DB934 /* fingerprintDemo */,
			);
		};
/* End PBXProject section */

/* Begin PBXResourcesBuildPhase section */
		BBD0DC261C244715004DB934 /* Resources */ = {
			isa = PBXResourcesBuildPhase;
			buildActionMask = 2147483647;
			files = (
				BBD0DC3B1C244715004DB934 /* LaunchScreen.storyboard in Resources */,
				BBD0DC381C244715004DB934 /* Assets.xcassets in Resources */,
				BBD0DC361C244715004DB934 /* Main.storyboard in Resources */,
			);
			runOnlyForDeploymentPostprocessing = 0;
		};
/* End PBXResourcesBuildPhase section */

/* Begin PBXSourcesBuildPhase section */
		BBD0DC241C244715004DB934 /* Sources */ = {
			isa = PBXSourcesBuildPhase;
			buildActionMask = 2147483647;
			files = (
				BBD0DC331C244715004DB934 /* ViewController.m in Sources */,
				BBD0DC301C244715004DB934 /* AppDelegate.m in Sources */,
				BBD0DC2D1C244715004DB934 /* main.m in Sources */,
			);
			runOnlyForDeploymentPostprocessing = 0;
		};
/* End PBXSourcesBuildPhase section */

/* Begin PBXVariantGroup section */
		BBD0DC341C244715004DB934 /* Main.storyboard */ = {
			isa = PBXVariantGroup;
			children = (
				BBD0DC351C244715004DB934 /* Base */,
			);
			name = Main.storyboard;
			sourceTree = "<group>";
		};
		BBD0DC391C244715004DB934 /* LaunchScreen.storyboard */ = {
			isa = PBXVariantGroup;
			children = (
				BBD0DC3A1C244715004DB934 /* Base */,
			);
			name = LaunchScreen.storyboard;
			sourceTree = "<group>";
		};
/* End PBXVariantGroup section */

/* Begin XCBuildConfiguration section */
		BBD0DC3D1C244715004DB934 /* Debug */ = {
			isa = XCBuildConfiguration;
			buildSettings = {
				ALWAYS_SEARCH_USER_PATHS = NO;
				CLANG_CXX_LANGUAGE_STANDARD = "gnu++0x";
				CLANG_CXX_LIBRARY = "libc++";
				CLANG_ENABLE_MODULES = YES;
				CLANG_ENABLE_OBJC_ARC = YES;
				CLANG_WARN_BOOL_CONVERSION = YES;
				CLANG_WARN_CONSTANT_CONVERSION = YES;
				CLANG_WARN_DIRECT_OBJC_ISA_USAGE = YES_ERROR;
				CLANG_WARN_EMPTY_BODY = YES;
				CLANG_WARN_ENUM_CONVERSION = YES;
				CLANG_WARN_INT_CONVERSION = YES;
				CLANG_WARN_OBJC_ROOT_CLASS = YES_ERROR;
				CLANG_WARN_UNREACHABLE_CODE = YES;
				CLANG_WARN__DUPLICATE_METHOD_MATCH = YES;
				"CODE_SIGN_IDENTITY[sdk=iphoneos*]" = "iPhone Developer";
				COPY_PHASE_STRIP = NO;
				DEBUG_INFORMATION_FORMAT = dwarf;
				ENABLE_STRICT_OBJC_MSGSEND = YES;
				ENABLE_TESTABILITY = YES;
				GCC_C_LANGUAGE_STANDARD = gnu99;
				GCC_DYNAMIC_NO_PIC = NO;
				GCC_NO_COMMON_BLOCKS = YES;
				GCC_OPTIMIZATION_LEVEL = 0;
				GCC_PREPROCESSOR_DEFINITIONS = (
					"DEBUG=1",
					"$(inherited)",
				);
				GCC_WARN_64_TO_32_BIT_CONVERSION = YES;
				GCC_WARN_ABOUT_RETURN_TYPE = YES_ERROR;
				GCC_WARN_UNDECLARED_SELECTOR = YES;
				GCC_WARN_UNINITIALIZED_AUTOS = YES_AGGRESSIVE;
				GCC_WARN_UNUSED_FUNCTION = YES;
				GCC_WARN_UNUSED_VARIABLE = YES;
				IPHONEOS_DEPLOYMENT_TARGET = 9.1;
				MTL_ENABLE_DEBUG_INFO = YES;
				ONLY_ACTIVE_ARCH = YES;
				SDKROOT = iphoneos;
			};
			name = Debug;
		};
		BBD0DC3E1C244715004DB934 /* Release */ = {
			isa = XCBuildConfiguration;
			buildSettings = {
				ALWAYS_SEARCH_USER_PATHS = NO;
				CLANG_CXX_LANGUAGE_STANDARD = "gnu++0x";
				CLANG_CXX_LIBRARY = "libc++";
				CLANG_ENABLE_MODULES = YES;
				CLANG_ENABLE_OBJC_ARC = YES;
				CLANG_WARN_BOOL_CONVERSION = YES;
				CLANG_WARN_CONSTANT_CONVERSION = YES;
				CLANG_WARN_DIRECT_OBJC_ISA_USAGE = YES_ERROR;
				CLANG_WARN_EMPTY_BODY = YES;
				CLANG_WARN_ENUM_CONVERSION = YES;
				CLANG_WARN_INT_CONVERSION = YES;
				CLANG_WARN_OBJC_ROOT_CLASS = YES_ERROR;
				CLANG_WARN_UNREACHABLE_CODE = YES;
				CLANG_WARN__DUPLICATE_METHOD_MATCH = YES;
				"CODE_SIGN_IDENTITY[sdk=iphoneos*]" = "iPhone Developer";
				COPY_PHASE_STRIP = NO;
				DEBUG_INFORMATION_FORMAT = "dwarf-with-dsym";
				ENABLE_NS_ASSERTIONS = NO;
				ENABLE_STRICT_OBJC_MSGSEND = YES;
				GCC_C_LANGUAGE_STANDARD = gnu99;
				GCC_NO_COMMON_BLOCKS = YES;
				GCC_WARN_64_TO_32_BIT_CONVERSION = YES;
				GCC_WARN_ABOUT_RETURN_TYPE = YES_ERROR;
				GCC_WARN_UNDECLARED_SELECTOR = YES;
				GCC_WARN_UNINITIALIZED_AUTOS = YES_AGGRESSIVE;
				GCC_WARN_UNUSED_FUNCTION = YES;
				GCC_WARN_UNUSED_VARIABLE = YES;
				IPHONEOS_DEPLOYMENT_TARGET = 9.1;
				MTL_ENABLE_DEBUG_INFO = NO;
				SDKROOT = iphoneos;
				VALIDATE_PRODUCT = YES;
			};
			name = Release;
		};
		BBD0DC401C244715004DB934 /* Debug */ = {
			isa = XCBuildConfiguration;
			buildSettings = {
				ASSETCATALOG_COMPILER_APPICON_NAME = AppIcon;
				INFOPLIST_FILE = fingerprintDemo/Info.plist;
				IPHONEOS_DEPLOYMENT_TARGET = 8.0;
				LD_RUNPATH_SEARCH_PATHS = "$(inherited) @executable_path/Frameworks";
				PRODUCT_BUNDLE_IDENTIFIER = net.626Qichuang..fingerprintDemo;
				PRODUCT_NAME = "$(TARGET_NAME)";
			};
			name = Debug;
		};
		BBD0DC411C244715004DB934 /* Release */ = {
			isa = XCBuildConfiguration;
			buildSettings = {
				ASSETCATALOG_COMPILER_APPICON_NAME = AppIcon;
				INFOPLIST_FILE = fingerprintDemo/Info.plist;
				IPHONEOS_DEPLOYMENT_TARGET = 8.0;
				LD_RUNPATH_SEARCH_PATHS = "$(inherited) @executable_path/Frameworks";
				PRODUCT_BUNDLE_IDENTIFIER = net.626Qichuang..fingerprintDemo;
				PRODUCT_NAME = "$(TARGET_NAME)";
			};
			name = Release;
		};
/* End XCBuildConfiguration section */

/* Begin XCConfigurationList section */
		BBD0DC231C244715004DB934 /* Build configuration list for PBXProject "fingerprintDemo" */ = {
			isa = XCConfigurationList;
			buildConfigurations = (
				BBD0DC3D1C244715004DB934 /* Debug */,
				BBD0DC3E1C244715004DB934 /* Release */,
			);
			defaultConfigurationIsVisible = 0;
			defaultConfigurationName = Release;
		};
		BBD0DC3F1C244715004DB934 /* Build configuration list for PBXNativeTarget "fingerprintDemo" */ = {
			isa = XCConfigurationList;
			buildConfigurations = (
				BBD0DC401C244715004DB934 /* Debug */,
				BBD0DC411C244715004DB934 /* Release */,
			);
			defaultConfigurationIsVisible = 0;
		};
/* End XCConfigurationList section */
	};
	rootObject = BBD0DC201C244715004DB934 /* Project object */;
}
