// !$*UTF8*$!
{
	archiveVersion = 1;
	classes = {
	};
	objectVersion = 46;
	objects = {

/* Begin PBXBuildFile section */
		270E25853DE31A7BEF9B5C8C /* libPods-UUID.a in Frameworks */ = {isa = PBXBuildFile; fileRef = 883895F2A55BE308F84CA253 /* libPods-UUID.a */; };
		BB8BEBCA1D1AE6DC00C15961 /* KeychainItemWrapper.m in Sources */ = {isa = PBXBuildFile; fileRef = BB8BEBC71D1AE6DC00C15961 /* KeychainItemWrapper.m */; };
		BB8BEBCB1D1AE6DC00C15961 /* NSString+UUID.m in Sources */ = {isa = PBXBuildFile; fileRef = BB8BEBC91D1AE6DC00C15961 /* NSString+UUID.m */; };
		BB8E84651CE22D700036247D /* main.m in Sources */ = {isa = PBXBuildFile; fileRef = BB8E84641CE22D700036247D /* main.m */; };
		BB8E84681CE22D700036247D /* AppDelegate.m in Sources */ = {isa = PBXBuildFile; fileRef = BB8E84671CE22D700036247D /* AppDelegate.m */; };
		BB8E846B1CE22D700036247D /* ViewController.m in Sources */ = {isa = PBXBuildFile; fileRef = BB8E846A1CE22D700036247D /* ViewController.m */; };
		BB8E846E1CE22D700036247D /* Main.storyboard in Resources */ = {isa = PBXBuildFile; fileRef = BB8E846C1CE22D700036247D /* Main.storyboard */; };
		BB8E84701CE22D700036247D /* Assets.xcassets in Resources */ = {isa = PBXBuildFile; fileRef = BB8E846F1CE22D700036247D /* Assets.xcassets */; };
		BB8E84731CE22D700036247D /* LaunchScreen.storyboard in Resources */ = {isa = PBXBuildFile; fileRef = BB8E84711CE22D700036247D /* LaunchScreen.storyboard */; };
		BB8E847B1CE22DC50036247D /* Security.framework in Frameworks */ = {isa = PBXBuildFile; fileRef = BB8E847A1CE22DC50036247D /* Security.framework */; };
/* End PBXBuildFile section */

/* Begin PBXFileReference section */
		883895F2A55BE308F84CA253 /* libPods-UUID.a */ = {isa = PBXFileReference; explicitFileType = archive.ar; includeInIndex = 0; path = "libPods-UUID.a"; sourceTree = BUILT_PRODUCTS_DIR; };
		BB8BEBC61D1AE6DC00C15961 /* KeychainItemWrapper.h */ = {isa = PBXFileReference; fileEncoding = 4; lastKnownFileType = sourcecode.c.h; path = KeychainItemWrapper.h; sourceTree = "<group>"; };
		BB8BEBC71D1AE6DC00C15961 /* KeychainItemWrapper.m */ = {isa = PBXFileReference; fileEncoding = 4; lastKnownFileType = sourcecode.c.objc; path = KeychainItemWrapper.m; sourceTree = "<group>"; };
		BB8BEBC81D1AE6DC00C15961 /* NSString+UUID.h */ = {isa = PBXFileReference; fileEncoding = 4; lastKnownFileType = sourcecode.c.h; path = "NSString+UUID.h"; sourceTree = "<group>"; };
		BB8BEBC91D1AE6DC00C15961 /* NSString+UUID.m */ = {isa = PBXFileReference; fileEncoding = 4; lastKnownFileType = sourcecode.c.objc; path = "NSString+UUID.m"; sourceTree = "<group>"; };
		BB8E84601CE22D700036247D /* UUID.app */ = {isa = PBXFileReference; explicitFileType = wrapper.application; includeInIndex = 0; path = UUID.app; sourceTree = BUILT_PRODUCTS_DIR; };
		BB8E84641CE22D700036247D /* main.m */ = {isa = PBXFileReference; lastKnownFileType = sourcecode.c.objc; path = main.m; sourceTree = "<group>"; };
		BB8E84661CE22D700036247D /* AppDelegate.h */ = {isa = PBXFileReference; lastKnownFileType = sourcecode.c.h; path = AppDelegate.h; sourceTree = "<group>"; };
		BB8E84671CE22D700036247D /* AppDelegate.m */ = {isa = PBXFileReference; lastKnownFileType = sourcecode.c.objc; path = AppDelegate.m; sourceTree = "<group>"; };
		BB8E84691CE22D700036247D /* ViewController.h */ = {isa = PBXFileReference; lastKnownFileType = sourcecode.c.h; path = ViewController.h; sourceTree = "<group>"; };
		BB8E846A1CE22D700036247D /* ViewController.m */ = {isa = PBXFileReference; lastKnownFileType = sourcecode.c.objc; path = ViewController.m; sourceTree = "<group>"; };
		BB8E846D1CE22D700036247D /* Base */ = {isa = PBXFileReference; lastKnownFileType = file.storyboard; name = Base; path = Base.lproj/Main.storyboard; sourceTree = "<group>"; };
		BB8E846F1CE22D700036247D /* Assets.xcassets */ = {isa = PBXFileReference; lastKnownFileType = folder.assetcatalog; path = Assets.xcassets; sourceTree = "<group>"; };
		BB8E84721CE22D700036247D /* Base */ = {isa = PBXFileReference; lastKnownFileType = file.storyboard; name = Base; path = Base.lproj/LaunchScreen.storyboard; sourceTree = "<group>"; };
		BB8E84741CE22D700036247D /* Info.plist */ = {isa = PBXFileReference; lastKnownFileType = text.plist.xml; path = Info.plist; sourceTree = "<group>"; };
		BB8E847A1CE22DC50036247D /* Security.framework */ = {isa = PBXFileReference; lastKnownFileType = wrapper.framework; name = Security.framework; path = System/Library/Frameworks/Security.framework; sourceTree = SDKROOT; };
		DAEF56D462948B8D7168699F /* Pods-UUID.release.xcconfig */ = {isa = PBXFileReference; includeInIndex = 1; lastKnownFileType = text.xcconfig; name = "Pods-UUID.release.xcconfig"; path = "Pods/Target Support Files/Pods-UUID/Pods-UUID.release.xcconfig"; sourceTree = "<group>"; };
		F2B3133BCB5612A6F3D1B916 /* Pods-UUID.debug.xcconfig */ = {isa = PBXFileReference; includeInIndex = 1; lastKnownFileType = text.xcconfig; name = "Pods-UUID.debug.xcconfig"; path = "Pods/Target Support Files/Pods-UUID/Pods-UUID.debug.xcconfig"; sourceTree = "<group>"; };
/* End PBXFileReference section */

/* Begin PBXFrameworksBuildPhase section */
		BB8E845D1CE22D700036247D /* Frameworks */ = {
			isa = PBXFrameworksBuildPhase;
			buildActionMask = 2147483647;
			files = (
				BB8E847B1CE22DC50036247D /* Security.framework in Frameworks */,
				270E25853DE31A7BEF9B5C8C /* libPods-UUID.a in Frameworks */,
			);
			runOnlyForDeploymentPostprocessing = 0;
		};
/* End PBXFrameworksBuildPhase section */

/* Begin PBXGroup section */
		0C5C62044137CF1FFBDC2B0A /* Pods */ = {
			isa = PBXGroup;
			children = (
				F2B3133BCB5612A6F3D1B916 /* Pods-UUID.debug.xcconfig */,
				DAEF56D462948B8D7168699F /* Pods-UUID.release.xcconfig */,
			);
			name = Pods;
			sourceTree = "<group>";
		};
		873700C0110541327C923D6F /* Frameworks */ = {
			isa = PBXGroup;
			children = (
				883895F2A55BE308F84CA253 /* libPods-UUID.a */,
			);
			name = Frameworks;
			sourceTree = "<group>";
		};
		BB8BEBC51D1AE6DC00C15961 /* UUID */ = {
			isa = PBXGroup;
			children = (
				BB8BEBC61D1AE6DC00C15961 /* KeychainItemWrapper.h */,
				BB8BEBC71D1AE6DC00C15961 /* KeychainItemWrapper.m */,
				BB8BEBC81D1AE6DC00C15961 /* NSString+UUID.h */,
				BB8BEBC91D1AE6DC00C15961 /* NSString+UUID.m */,
			);
			path = UUID;
			sourceTree = "<group>";
		};
		BB8E84571CE22D700036247D = {
			isa = PBXGroup;
			children = (
				BB8E847A1CE22DC50036247D /* Security.framework */,
				BB8E84621CE22D700036247D /* UUID */,
				BB8E84611CE22D700036247D /* Products */,
				0C5C62044137CF1FFBDC2B0A /* Pods */,
				873700C0110541327C923D6F /* Frameworks */,
			);
			sourceTree = "<group>";
		};
		BB8E84611CE22D700036247D /* Products */ = {
			isa = PBXGroup;
			children = (
				BB8E84601CE22D700036247D /* UUID.app */,
			);
			name = Products;
			sourceTree = "<group>";
		};
		BB8E84621CE22D700036247D /* UUID */ = {
			isa = PBXGroup;
			children = (
				BB8BEBC51D1AE6DC00C15961 /* UUID */,
				BB8E84661CE22D700036247D /* AppDelegate.h */,
				BB8E84671CE22D700036247D /* AppDelegate.m */,
				BB8E84691CE22D700036247D /* ViewController.h */,
				BB8E846A1CE22D700036247D /* ViewController.m */,
				BB8E846C1CE22D700036247D /* Main.storyboard */,
				BB8E846F1CE22D700036247D /* Assets.xcassets */,
				BB8E84711CE22D700036247D /* LaunchScreen.storyboard */,
				BB8E84741CE22D700036247D /* Info.plist */,
				BB8E84631CE22D700036247D /* Supporting Files */,
			);
			path = UUID;
			sourceTree = "<group>";
		};
		BB8E84631CE22D700036247D /* Supporting Files */ = {
			isa = PBXGroup;
			children = (
				BB8E84641CE22D700036247D /* main.m */,
			);
			name = "Supporting Files";
			sourceTree = "<group>";
		};
/* End PBXGroup section */

/* Begin PBXNativeTarget section */
		BB8E845F1CE22D700036247D /* UUID */ = {
			isa = PBXNativeTarget;
			buildConfigurationList = BB8E84771CE22D700036247D /* Build configuration list for PBXNativeTarget "UUID" */;
			buildPhases = (
				CCBA53F7A132C2DECEAE9831 /* [CP] Check Pods Manifest.lock */,
				BB8E845C1CE22D700036247D /* Sources */,
				BB8E845D1CE22D700036247D /* Frameworks */,
				BB8E845E1CE22D700036247D /* Resources */,
				BC8938BCDCDE5B50A1ADA329 /* [CP] Embed Pods Frameworks */,
				E04122A3F757E8CE12938CF8 /* [CP] Copy Pods Resources */,
			);
			buildRules = (
			);
			dependencies = (
			);
			name = UUID;
			productName = UUID;
			productReference = BB8E84601CE22D700036247D /* UUID.app */;
			productType = "com.apple.product-type.application";
		};
/* End PBXNativeTarget section */

/* Begin PBXProject section */
		BB8E84581CE22D700036247D /* Project object */ = {
			isa = PBXProject;
			attributes = {
				LastUpgradeCheck = 0730;
				ORGANIZATIONNAME = ChenShuKun;
				TargetAttributes = {
					BB8E845F1CE22D700036247D = {
						CreatedOnToolsVersion = 7.3;
					};
				};
			};
			buildConfigurationList = BB8E845B1CE22D700036247D /* Build configuration list for PBXProject "UUID" */;
			compatibilityVersion = "Xcode 3.2";
			developmentRegion = English;
			hasScannedForEncodings = 0;
			knownRegions = (
				en,
				Base,
			);
			mainGroup = BB8E84571CE22D700036247D;
			productRefGroup = BB8E84611CE22D700036247D /* Products */;
			projectDirPath = "";
			projectRoot = "";
			targets = (
				BB8E845F1CE22D700036247D /* UUID */,
			);
		};
/* End PBXProject section */

/* Begin PBXResourcesBuildPhase section */
		BB8E845E1CE22D700036247D /* Resources */ = {
			isa = PBXResourcesBuildPhase;
			buildActionMask = 2147483647;
			files = (
				BB8E84731CE22D700036247D /* LaunchScreen.storyboard in Resources */,
				BB8E84701CE22D700036247D /* Assets.xcassets in Resources */,
				BB8E846E1CE22D700036247D /* Main.storyboard in Resources */,
			);
			runOnlyForDeploymentPostprocessing = 0;
		};
/* End PBXResourcesBuildPhase section */

/* Begin PBXShellScriptBuildPhase section */
		BC8938BCDCDE5B50A1ADA329 /* [CP] Embed Pods Frameworks */ = {
			isa = PBXShellScriptBuildPhase;
			buildActionMask = 2147483647;
			files = (
			);
			inputPaths = (
			);
			name = "[CP] Embed Pods Frameworks";
			outputPaths = (
			);
			runOnlyForDeploymentPostprocessing = 0;
			shellPath = /bin/sh;
			shellScript = "\"${SRCROOT}/Pods/Target Support Files/Pods-UUID/Pods-UUID-frameworks.sh\"\n";
			showEnvVarsInLog = 0;
		};
		CCBA53F7A132C2DECEAE9831 /* [CP] Check Pods Manifest.lock */ = {
			isa = PBXShellScriptBuildPhase;
			buildActionMask = 2147483647;
			files = (
			);
			inputPaths = (
			);
			name = "[CP] Check Pods Manifest.lock";
			outputPaths = (
			);
			runOnlyForDeploymentPostprocessing = 0;
			shellPath = /bin/sh;
			shellScript = "diff \"${PODS_ROOT}/../Podfile.lock\" \"${PODS_ROOT}/Manifest.lock\" > /dev/null\nif [[ $? != 0 ]] ; then\n    cat << EOM\nerror: The sandbox is not in sync with the Podfile.lock. Run 'pod install' or update your CocoaPods installation.\nEOM\n    exit 1\nfi\n";
			showEnvVarsInLog = 0;
		};
		E04122A3F757E8CE12938CF8 /* [CP] Copy Pods Resources */ = {
			isa = PBXShellScriptBuildPhase;
			buildActionMask = 2147483647;
			files = (
			);
			inputPaths = (
			);
			name = "[CP] Copy Pods Resources";
			outputPaths = (
			);
			runOnlyForDeploymentPostprocessing = 0;
			shellPath = /bin/sh;
			shellScript = "\"${SRCROOT}/Pods/Target Support Files/Pods-UUID/Pods-UUID-resources.sh\"\n";
			showEnvVarsInLog = 0;
		};
/* End PBXShellScriptBuildPhase section */

/* Begin PBXSourcesBuildPhase section */
		BB8E845C1CE22D700036247D /* Sources */ = {
			isa = PBXSourcesBuildPhase;
			buildActionMask = 2147483647;
			files = (
				BB8E846B1CE22D700036247D /* ViewController.m in Sources */,
				BB8E84681CE22D700036247D /* AppDelegate.m in Sources */,
				BB8BEBCA1D1AE6DC00C15961 /* KeychainItemWrapper.m in Sources */,
				BB8BEBCB1D1AE6DC00C15961 /* NSString+UUID.m in Sources */,
				BB8E84651CE22D700036247D /* main.m in Sources */,
			);
			runOnlyForDeploymentPostprocessing = 0;
		};
/* End PBXSourcesBuildPhase section */

/* Begin PBXVariantGroup section */
		BB8E846C1CE22D700036247D /* Main.storyboard */ = {
			isa = PBXVariantGroup;
			children = (
				BB8E846D1CE22D700036247D /* Base */,
			);
			name = Main.storyboard;
			sourceTree = "<group>";
		};
		BB8E84711CE22D700036247D /* LaunchScreen.storyboard */ = {
			isa = PBXVariantGroup;
			children = (
				BB8E84721CE22D700036247D /* Base */,
			);
			name = LaunchScreen.storyboard;
			sourceTree = "<group>";
		};
/* End PBXVariantGroup section */

/* Begin XCBuildConfiguration section */
		BB8E84751CE22D700036247D /* Debug */ = {
			isa = XCBuildConfiguration;
			buildSettings = {
				ALWAYS_SEARCH_USER_PATHS = NO;
				CLANG_ANALYZER_NONNULL = YES;
				CLANG_CXX_LANGUAGE_STANDARD = "gnu++0x";
				CLANG_CXX_LIBRARY = "libc++";
				CLANG_ENABLE_MODULES = YES;
				CLANG_ENABLE_OBJC_ARC = YES;
				CLANG_WARN_BOOL_CONVERSION = YES;
				CLANG_WARN_CONSTANT_CONVERSION = YES;
				CLANG_WARN_DIRECT_OBJC_ISA_USAGE = YES_ERROR;
				CLANG_WARN_EMPTY_BODY = YES;
				CLANG_WARN_ENUM_CONVERSION = YES;
				CLANG_WARN_INT_CONVERSION = YES;
				CLANG_WARN_OBJC_ROOT_CLASS = YES_ERROR;
				CLANG_WARN_UNREACHABLE_CODE = YES;
				CLANG_WARN__DUPLICATE_METHOD_MATCH = YES;
				"CODE_SIGN_IDENTITY[sdk=iphoneos*]" = "iPhone Developer";
				COPY_PHASE_STRIP = NO;
				DEBUG_INFORMATION_FORMAT = dwarf;
				ENABLE_STRICT_OBJC_MSGSEND = YES;
				ENABLE_TESTABILITY = YES;
				GCC_C_LANGUAGE_STANDARD = gnu99;
				GCC_DYNAMIC_NO_PIC = NO;
				GCC_NO_COMMON_BLOCKS = YES;
				GCC_OPTIMIZATION_LEVEL = 0;
				GCC_PREPROCESSOR_DEFINITIONS = (
					"DEBUG=1",
					"$(inherited)",
				);
				GCC_WARN_64_TO_32_BIT_CONVERSION = YES;
				GCC_WARN_ABOUT_RETURN_TYPE = YES_ERROR;
				GCC_WARN_UNDECLARED_SELECTOR = YES;
				GCC_WARN_UNINITIALIZED_AUTOS = YES_AGGRESSIVE;
				GCC_WARN_UNUSED_FUNCTION = YES;
				GCC_WARN_UNUSED_VARIABLE = YES;
				IPHONEOS_DEPLOYMENT_TARGET = 9.3;
				MTL_ENABLE_DEBUG_INFO = YES;
				ONLY_ACTIVE_ARCH = YES;
				SDKROOT = iphoneos;
			};
			name = Debug;
		};
		BB8E84761CE22D700036247D /* Release */ = {
			isa = XCBuildConfiguration;
			buildSettings = {
				ALWAYS_SEARCH_USER_PATHS = NO;
				CLANG_ANALYZER_NONNULL = YES;
				CLANG_CXX_LANGUAGE_STANDARD = "gnu++0x";
				CLANG_CXX_LIBRARY = "libc++";
				CLANG_ENABLE_MODULES = YES;
				CLANG_ENABLE_OBJC_ARC = YES;
				CLANG_WARN_BOOL_CONVERSION = YES;
				CLANG_WARN_CONSTANT_CONVERSION = YES;
				CLANG_WARN_DIRECT_OBJC_ISA_USAGE = YES_ERROR;
				CLANG_WARN_EMPTY_BODY = YES;
				CLANG_WARN_ENUM_CONVERSION = YES;
				CLANG_WARN_INT_CONVERSION = YES;
				CLANG_WARN_OBJC_ROOT_CLASS = YES_ERROR;
				CLANG_WARN_UNREACHABLE_CODE = YES;
				CLANG_WARN__DUPLICATE_METHOD_MATCH = YES;
				"CODE_SIGN_IDENTITY[sdk=iphoneos*]" = "iPhone Developer";
				COPY_PHASE_STRIP = NO;
				DEBUG_INFORMATION_FORMAT = "dwarf-with-dsym";
				ENABLE_NS_ASSERTIONS = NO;
				ENABLE_STRICT_OBJC_MSGSEND = YES;
				GCC_C_LANGUAGE_STANDARD = gnu99;
				GCC_NO_COMMON_BLOCKS = YES;
				GCC_WARN_64_TO_32_BIT_CONVERSION = YES;
				GCC_WARN_ABOUT_RETURN_TYPE = YES_ERROR;
				GCC_WARN_UNDECLARED_SELECTOR = YES;
				GCC_WARN_UNINITIALIZED_AUTOS = YES_AGGRESSIVE;
				GCC_WARN_UNUSED_FUNCTION = YES;
				GCC_WARN_UNUSED_VARIABLE = YES;
				IPHONEOS_DEPLOYMENT_TARGET = 9.3;
				MTL_ENABLE_DEBUG_INFO = NO;
				SDKROOT = iphoneos;
				VALIDATE_PRODUCT = YES;
			};
			name = Release;
		};
		BB8E84781CE22D700036247D /* Debug */ = {
			isa = XCBuildConfiguration;
			baseConfigurationReference = F2B3133BCB5612A6F3D1B916 /* Pods-UUID.debug.xcconfig */;
			buildSettings = {
				ASSETCATALOG_COMPILER_APPICON_NAME = AppIcon;
				INFOPLIST_FILE = UUID/Info.plist;
				IPHONEOS_DEPLOYMENT_TARGET = 9.0;
				LD_RUNPATH_SEARCH_PATHS = "$(inherited) @executable_path/Frameworks";
				PRODUCT_BUNDLE_IDENTIFIER = net.626Qichuang.UUID;
				PRODUCT_NAME = "$(TARGET_NAME)";
			};
			name = Debug;
		};
		BB8E84791CE22D700036247D /* Release */ = {
			isa = XCBuildConfiguration;
			baseConfigurationReference = DAEF56D462948B8D7168699F /* Pods-UUID.release.xcconfig */;
			buildSettings = {
				ASSETCATALOG_COMPILER_APPICON_NAME = AppIcon;
				INFOPLIST_FILE = UUID/Info.plist;
				IPHONEOS_DEPLOYMENT_TARGET = 9.0;
				LD_RUNPATH_SEARCH_PATHS = "$(inherited) @executable_path/Frameworks";
				PRODUCT_BUNDLE_IDENTIFIER = net.626Qichuang.UUID;
				PRODUCT_NAME = "$(TARGET_NAME)";
			};
			name = Release;
		};
/* End XCBuildConfiguration section */

/* Begin XCConfigurationList section */
		BB8E845B1CE22D700036247D /* Build configuration list for PBXProject "UUID" */ = {
			isa = XCConfigurationList;
			buildConfigurations = (
				BB8E84751CE22D700036247D /* Debug */,
				BB8E84761CE22D700036247D /* Release */,
			);
			defaultConfigurationIsVisible = 0;
			defaultConfigurationName = Release;
		};
		BB8E84771CE22D700036247D /* Build configuration list for PBXNativeTarget "UUID" */ = {
			isa = XCConfigurationList;
			buildConfigurations = (
				BB8E84781CE22D700036247D /* Debug */,
				BB8E84791CE22D700036247D /* Release */,
			);
			defaultConfigurationIsVisible = 0;
			defaultConfigurationName = Release;
		};
/* End XCConfigurationList section */
	};
	rootObject = BB8E84581CE22D700036247D /* Project object */;
}
