// !$*UTF8*$!
{
	archiveVersion = 1;
	classes = {
	};
	objectVersion = 46;
	objects = {

/* Begin PBXBuildFile section */
		BB020C6E1AC9856D00BFC10E /* main.m in Sources */ = {isa = PBXBuildFile; fileRef = BB020C6D1AC9856D00BFC10E /* main.m */; };
		BB020C711AC9856D00BFC10E /* AppDelegate.m in Sources */ = {isa = PBXBuildFile; fileRef = BB020C701AC9856D00BFC10E /* AppDelegate.m */; };
		BB020C741AC9856D00BFC10E /* ViewController.m in Sources */ = {isa = PBXBuildFile; fileRef = BB020C731AC9856D00BFC10E /* ViewController.m */; };
		BB020C771AC9856D00BFC10E /* Main.storyboard in Resources */ = {isa = PBXBuildFile; fileRef = BB020C751AC9856D00BFC10E /* Main.storyboard */; };
		BB020C791AC9856D00BFC10E /* Images.xcassets in Resources */ = {isa = PBXBuildFile; fileRef = BB020C781AC9856D00BFC10E /* Images.xcassets */; };
		BB020C7C1AC9856D00BFC10E /* LaunchScreen.xib in Resources */ = {isa = PBXBuildFile; fileRef = BB020C7A1AC9856D00BFC10E /* LaunchScreen.xib */; };
		BB020C881AC9856D00BFC10E /* codeForIconTests.m in Sources */ = {isa = PBXBuildFile; fileRef = BB020C871AC9856D00BFC10E /* codeForIconTests.m */; };
		BB020C951AC9859700BFC10E /* FontAwesome.ttf in Resources */ = {isa = PBXBuildFile; fileRef = BB020C921AC9859700BFC10E /* FontAwesome.ttf */; };
		BB020C961AC9859700BFC10E /* NSString+FontAwesome.m in Sources */ = {isa = PBXBuildFile; fileRef = BB020C941AC9859700BFC10E /* NSString+FontAwesome.m */; };
/* End PBXBuildFile section */

/* Begin PBXContainerItemProxy section */
		BB020C821AC9856D00BFC10E /* PBXContainerItemProxy */ = {
			isa = PBXContainerItemProxy;
			containerPortal = BB020C601AC9856D00BFC10E /* Project object */;
			proxyType = 1;
			remoteGlobalIDString = BB020C671AC9856D00BFC10E;
			remoteInfo = codeForIcon;
		};
/* End PBXContainerItemProxy section */

/* Begin PBXFileReference section */
		BB020C681AC9856D00BFC10E /* codeForIcon.app */ = {isa = PBXFileReference; explicitFileType = wrapper.application; includeInIndex = 0; path = codeForIcon.app; sourceTree = BUILT_PRODUCTS_DIR; };
		BB020C6C1AC9856D00BFC10E /* Info.plist */ = {isa = PBXFileReference; lastKnownFileType = text.plist.xml; path = Info.plist; sourceTree = "<group>"; };
		BB020C6D1AC9856D00BFC10E /* main.m */ = {isa = PBXFileReference; lastKnownFileType = sourcecode.c.objc; path = main.m; sourceTree = "<group>"; };
		BB020C6F1AC9856D00BFC10E /* AppDelegate.h */ = {isa = PBXFileReference; lastKnownFileType = sourcecode.c.h; path = AppDelegate.h; sourceTree = "<group>"; };
		BB020C701AC9856D00BFC10E /* AppDelegate.m */ = {isa = PBXFileReference; lastKnownFileType = sourcecode.c.objc; path = AppDelegate.m; sourceTree = "<group>"; };
		BB020C721AC9856D00BFC10E /* ViewController.h */ = {isa = PBXFileReference; lastKnownFileType = sourcecode.c.h; path = ViewController.h; sourceTree = "<group>"; };
		BB020C731AC9856D00BFC10E /* ViewController.m */ = {isa = PBXFileReference; lastKnownFileType = sourcecode.c.objc; path = ViewController.m; sourceTree = "<group>"; };
		BB020C761AC9856D00BFC10E /* Base */ = {isa = PBXFileReference; lastKnownFileType = file.storyboard; name = Base; path = Base.lproj/Main.storyboard; sourceTree = "<group>"; };
		BB020C781AC9856D00BFC10E /* Images.xcassets */ = {isa = PBXFileReference; lastKnownFileType = folder.assetcatalog; path = Images.xcassets; sourceTree = "<group>"; };
		BB020C7B1AC9856D00BFC10E /* Base */ = {isa = PBXFileReference; lastKnownFileType = file.xib; name = Base; path = Base.lproj/LaunchScreen.xib; sourceTree = "<group>"; };
		BB020C811AC9856D00BFC10E /* codeForIconTests.xctest */ = {isa = PBXFileReference; explicitFileType = wrapper.cfbundle; includeInIndex = 0; path = codeForIconTests.xctest; sourceTree = BUILT_PRODUCTS_DIR; };
		BB020C861AC9856D00BFC10E /* Info.plist */ = {isa = PBXFileReference; lastKnownFileType = text.plist.xml; path = Info.plist; sourceTree = "<group>"; };
		BB020C871AC9856D00BFC10E /* codeForIconTests.m */ = {isa = PBXFileReference; lastKnownFileType = sourcecode.c.objc; path = codeForIconTests.m; sourceTree = "<group>"; };
		BB020C921AC9859700BFC10E /* FontAwesome.ttf */ = {isa = PBXFileReference; lastKnownFileType = file; path = FontAwesome.ttf; sourceTree = "<group>"; };
		BB020C931AC9859700BFC10E /* NSString+FontAwesome.h */ = {isa = PBXFileReference; fileEncoding = 4; lastKnownFileType = sourcecode.c.h; path = "NSString+FontAwesome.h"; sourceTree = "<group>"; };
		BB020C941AC9859700BFC10E /* NSString+FontAwesome.m */ = {isa = PBXFileReference; fileEncoding = 4; lastKnownFileType = sourcecode.c.objc; path = "NSString+FontAwesome.m"; sourceTree = "<group>"; };
/* End PBXFileReference section */

/* Begin PBXFrameworksBuildPhase section */
		BB020C651AC9856D00BFC10E /* Frameworks */ = {
			isa = PBXFrameworksBuildPhase;
			buildActionMask = 2147483647;
			files = (
			);
			runOnlyForDeploymentPostprocessing = 0;
		};
		BB020C7E1AC9856D00BFC10E /* Frameworks */ = {
			isa = PBXFrameworksBuildPhase;
			buildActionMask = 2147483647;
			files = (
			);
			runOnlyForDeploymentPostprocessing = 0;
		};
/* End PBXFrameworksBuildPhase section */

/* Begin PBXGroup section */
		BB020C5F1AC9856D00BFC10E = {
			isa = PBXGroup;
			children = (
				BB020C911AC9859700BFC10E /* NSString+ FontAwesome */,
				BB020C6A1AC9856D00BFC10E /* codeForIcon */,
				BB020C841AC9856D00BFC10E /* codeForIconTests */,
				BB020C691AC9856D00BFC10E /* Products */,
			);
			sourceTree = "<group>";
		};
		BB020C691AC9856D00BFC10E /* Products */ = {
			isa = PBXGroup;
			children = (
				BB020C681AC9856D00BFC10E /* codeForIcon.app */,
				BB020C811AC9856D00BFC10E /* codeForIconTests.xctest */,
			);
			name = Products;
			sourceTree = "<group>";
		};
		BB020C6A1AC9856D00BFC10E /* codeForIcon */ = {
			isa = PBXGroup;
			children = (
				BB020C6F1AC9856D00BFC10E /* AppDelegate.h */,
				BB020C701AC9856D00BFC10E /* AppDelegate.m */,
				BB020C721AC9856D00BFC10E /* ViewController.h */,
				BB020C731AC9856D00BFC10E /* ViewController.m */,
				BB020C751AC9856D00BFC10E /* Main.storyboard */,
				BB020C781AC9856D00BFC10E /* Images.xcassets */,
				BB020C7A1AC9856D00BFC10E /* LaunchScreen.xib */,
				BB020C6B1AC9856D00BFC10E /* Supporting Files */,
			);
			path = codeForIcon;
			sourceTree = "<group>";
		};
		BB020C6B1AC9856D00BFC10E /* Supporting Files */ = {
			isa = PBXGroup;
			children = (
				BB020C6C1AC9856D00BFC10E /* Info.plist */,
				BB020C6D1AC9856D00BFC10E /* main.m */,
			);
			name = "Supporting Files";
			sourceTree = "<group>";
		};
		BB020C841AC9856D00BFC10E /* codeForIconTests */ = {
			isa = PBXGroup;
			children = (
				BB020C871AC9856D00BFC10E /* codeForIconTests.m */,
				BB020C851AC9856D00BFC10E /* Supporting Files */,
			);
			path = codeForIconTests;
			sourceTree = "<group>";
		};
		BB020C851AC9856D00BFC10E /* Supporting Files */ = {
			isa = PBXGroup;
			children = (
				BB020C861AC9856D00BFC10E /* Info.plist */,
			);
			name = "Supporting Files";
			sourceTree = "<group>";
		};
		BB020C911AC9859700BFC10E /* NSString+ FontAwesome */ = {
			isa = PBXGroup;
			children = (
				BB020C921AC9859700BFC10E /* FontAwesome.ttf */,
				BB020C931AC9859700BFC10E /* NSString+FontAwesome.h */,
				BB020C941AC9859700BFC10E /* NSString+FontAwesome.m */,
			);
			path = "NSString+ FontAwesome";
			sourceTree = "<group>";
		};
/* End PBXGroup section */

/* Begin PBXNativeTarget section */
		BB020C671AC9856D00BFC10E /* codeForIcon */ = {
			isa = PBXNativeTarget;
			buildConfigurationList = BB020C8B1AC9856D00BFC10E /* Build configuration list for PBXNativeTarget "codeForIcon" */;
			buildPhases = (
				BB020C641AC9856D00BFC10E /* Sources */,
				BB020C651AC9856D00BFC10E /* Frameworks */,
				BB020C661AC9856D00BFC10E /* Resources */,
			);
			buildRules = (
			);
			dependencies = (
			);
			name = codeForIcon;
			productName = codeForIcon;
			productReference = BB020C681AC9856D00BFC10E /* codeForIcon.app */;
			productType = "com.apple.product-type.application";
		};
		BB020C801AC9856D00BFC10E /* codeForIconTests */ = {
			isa = PBXNativeTarget;
			buildConfigurationList = BB020C8E1AC9856D00BFC10E /* Build configuration list for PBXNativeTarget "codeForIconTests" */;
			buildPhases = (
				BB020C7D1AC9856D00BFC10E /* Sources */,
				BB020C7E1AC9856D00BFC10E /* Frameworks */,
				BB020C7F1AC9856D00BFC10E /* Resources */,
			);
			buildRules = (
			);
			dependencies = (
				BB020C831AC9856D00BFC10E /* PBXTargetDependency */,
			);
			name = codeForIconTests;
			productName = codeForIconTests;
			productReference = BB020C811AC9856D00BFC10E /* codeForIconTests.xctest */;
			productType = "com.apple.product-type.bundle.unit-test";
		};
/* End PBXNativeTarget section */

/* Begin PBXProject section */
		BB020C601AC9856D00BFC10E /* Project object */ = {
			isa = PBXProject;
			attributes = {
				LastUpgradeCheck = 0620;
				ORGANIZATIONNAME = ChenShuKun;
				TargetAttributes = {
					BB020C671AC9856D00BFC10E = {
						CreatedOnToolsVersion = 6.2;
					};
					BB020C801AC9856D00BFC10E = {
						CreatedOnToolsVersion = 6.2;
						TestTargetID = BB020C671AC9856D00BFC10E;
					};
				};
			};
			buildConfigurationList = BB020C631AC9856D00BFC10E /* Build configuration list for PBXProject "codeForIcon" */;
			compatibilityVersion = "Xcode 3.2";
			developmentRegion = English;
			hasScannedForEncodings = 0;
			knownRegions = (
				en,
				Base,
			);
			mainGroup = BB020C5F1AC9856D00BFC10E;
			productRefGroup = BB020C691AC9856D00BFC10E /* Products */;
			projectDirPath = "";
			projectRoot = "";
			targets = (
				BB020C671AC9856D00BFC10E /* codeForIcon */,
				BB020C801AC9856D00BFC10E /* codeForIconTests */,
			);
		};
/* End PBXProject section */

/* Begin PBXResourcesBuildPhase section */
		BB020C661AC9856D00BFC10E /* Resources */ = {
			isa = PBXResourcesBuildPhase;
			buildActionMask = 2147483647;
			files = (
				BB020C771AC9856D00BFC10E /* Main.storyboard in Resources */,
				BB020C7C1AC9856D00BFC10E /* LaunchScreen.xib in Resources */,
				BB020C791AC9856D00BFC10E /* Images.xcassets in Resources */,
				BB020C951AC9859700BFC10E /* FontAwesome.ttf in Resources */,
			);
			runOnlyForDeploymentPostprocessing = 0;
		};
		BB020C7F1AC9856D00BFC10E /* Resources */ = {
			isa = PBXResourcesBuildPhase;
			buildActionMask = 2147483647;
			files = (
			);
			runOnlyForDeploymentPostprocessing = 0;
		};
/* End PBXResourcesBuildPhase section */

/* Begin PBXSourcesBuildPhase section */
		BB020C641AC9856D00BFC10E /* Sources */ = {
			isa = PBXSourcesBuildPhase;
			buildActionMask = 2147483647;
			files = (
				BB020C961AC9859700BFC10E /* NSString+FontAwesome.m in Sources */,
				BB020C741AC9856D00BFC10E /* ViewController.m in Sources */,
				BB020C711AC9856D00BFC10E /* AppDelegate.m in Sources */,
				BB020C6E1AC9856D00BFC10E /* main.m in Sources */,
			);
			runOnlyForDeploymentPostprocessing = 0;
		};
		BB020C7D1AC9856D00BFC10E /* Sources */ = {
			isa = PBXSourcesBuildPhase;
			buildActionMask = 2147483647;
			files = (
				BB020C881AC9856D00BFC10E /* codeForIconTests.m in Sources */,
			);
			runOnlyForDeploymentPostprocessing = 0;
		};
/* End PBXSourcesBuildPhase section */

/* Begin PBXTargetDependency section */
		BB020C831AC9856D00BFC10E /* PBXTargetDependency */ = {
			isa = PBXTargetDependency;
			target = BB020C671AC9856D00BFC10E /* codeForIcon */;
			targetProxy = BB020C821AC9856D00BFC10E /* PBXContainerItemProxy */;
		};
/* End PBXTargetDependency section */

/* Begin PBXVariantGroup section */
		BB020C751AC9856D00BFC10E /* Main.storyboard */ = {
			isa = PBXVariantGroup;
			children = (
				BB020C761AC9856D00BFC10E /* Base */,
			);
			name = Main.storyboard;
			sourceTree = "<group>";
		};
		BB020C7A1AC9856D00BFC10E /* LaunchScreen.xib */ = {
			isa = PBXVariantGroup;
			children = (
				BB020C7B1AC9856D00BFC10E /* Base */,
			);
			name = LaunchScreen.xib;
			sourceTree = "<group>";
		};
/* End PBXVariantGroup section */

/* Begin XCBuildConfiguration section */
		BB020C891AC9856D00BFC10E /* Debug */ = {
			isa = XCBuildConfiguration;
			buildSettings = {
				ALWAYS_SEARCH_USER_PATHS = NO;
				CLANG_CXX_LANGUAGE_STANDARD = "gnu++0x";
				CLANG_CXX_LIBRARY = "libc++";
				CLANG_ENABLE_MODULES = YES;
				CLANG_ENABLE_OBJC_ARC = YES;
				CLANG_WARN_BOOL_CONVERSION = YES;
				CLANG_WARN_CONSTANT_CONVERSION = YES;
				CLANG_WARN_DIRECT_OBJC_ISA_USAGE = YES_ERROR;
				CLANG_WARN_EMPTY_BODY = YES;
				CLANG_WARN_ENUM_CONVERSION = YES;
				CLANG_WARN_INT_CONVERSION = YES;
				CLANG_WARN_OBJC_ROOT_CLASS = YES_ERROR;
				CLANG_WARN_UNREACHABLE_CODE = YES;
				CLANG_WARN__DUPLICATE_METHOD_MATCH = YES;
				"CODE_SIGN_IDENTITY[sdk=iphoneos*]" = "iPhone Developer";
				COPY_PHASE_STRIP = NO;
				ENABLE_STRICT_OBJC_MSGSEND = YES;
				GCC_C_LANGUAGE_STANDARD = gnu99;
				GCC_DYNAMIC_NO_PIC = NO;
				GCC_OPTIMIZATION_LEVEL = 0;
				GCC_PREPROCESSOR_DEFINITIONS = (
					"DEBUG=1",
					"$(inherited)",
				);
				GCC_SYMBOLS_PRIVATE_EXTERN = NO;
				GCC_WARN_64_TO_32_BIT_CONVERSION = YES;
				GCC_WARN_ABOUT_RETURN_TYPE = YES_ERROR;
				GCC_WARN_UNDECLARED_SELECTOR = YES;
				GCC_WARN_UNINITIALIZED_AUTOS = YES_AGGRESSIVE;
				GCC_WARN_UNUSED_FUNCTION = YES;
				GCC_WARN_UNUSED_VARIABLE = YES;
				IPHONEOS_DEPLOYMENT_TARGET = 8.2;
				MTL_ENABLE_DEBUG_INFO = YES;
				ONLY_ACTIVE_ARCH = YES;
				SDKROOT = iphoneos;
			};
			name = Debug;
		};
		BB020C8A1AC9856D00BFC10E /* Release */ = {
			isa = XCBuildConfiguration;
			buildSettings = {
				ALWAYS_SEARCH_USER_PATHS = NO;
				CLANG_CXX_LANGUAGE_STANDARD = "gnu++0x";
				CLANG_CXX_LIBRARY = "libc++";
				CLANG_ENABLE_MODULES = YES;
				CLANG_ENABLE_OBJC_ARC = YES;
				CLANG_WARN_BOOL_CONVERSION = YES;
				CLANG_WARN_CONSTANT_CONVERSION = YES;
				CLANG_WARN_DIRECT_OBJC_ISA_USAGE = YES_ERROR;
				CLANG_WARN_EMPTY_BODY = YES;
				CLANG_WARN_ENUM_CONVERSION = YES;
				CLANG_WARN_INT_CONVERSION = YES;
				CLANG_WARN_OBJC_ROOT_CLASS = YES_ERROR;
				CLANG_WARN_UNREACHABLE_CODE = YES;
				CLANG_WARN__DUPLICATE_METHOD_MATCH = YES;
				"CODE_SIGN_IDENTITY[sdk=iphoneos*]" = "iPhone Developer";
				COPY_PHASE_STRIP = NO;
				ENABLE_NS_ASSERTIONS = NO;
				ENABLE_STRICT_OBJC_MSGSEND = YES;
				GCC_C_LANGUAGE_STANDARD = gnu99;
				GCC_WARN_64_TO_32_BIT_CONVERSION = YES;
				GCC_WARN_ABOUT_RETURN_TYPE = YES_ERROR;
				GCC_WARN_UNDECLARED_SELECTOR = YES;
				GCC_WARN_UNINITIALIZED_AUTOS = YES_AGGRESSIVE;
				GCC_WARN_UNUSED_FUNCTION = YES;
				GCC_WARN_UNUSED_VARIABLE = YES;
				IPHONEOS_DEPLOYMENT_TARGET = 8.2;
				MTL_ENABLE_DEBUG_INFO = NO;
				SDKROOT = iphoneos;
				VALIDATE_PRODUCT = YES;
			};
			name = Release;
		};
		BB020C8C1AC9856D00BFC10E /* Debug */ = {
			isa = XCBuildConfiguration;
			buildSettings = {
				ASSETCATALOG_COMPILER_APPICON_NAME = AppIcon;
				INFOPLIST_FILE = codeForIcon/Info.plist;
				LD_RUNPATH_SEARCH_PATHS = "$(inherited) @executable_path/Frameworks";
				PRODUCT_NAME = "$(TARGET_NAME)";
			};
			name = Debug;
		};
		BB020C8D1AC9856D00BFC10E /* Release */ = {
			isa = XCBuildConfiguration;
			buildSettings = {
				ASSETCATALOG_COMPILER_APPICON_NAME = AppIcon;
				INFOPLIST_FILE = codeForIcon/Info.plist;
				LD_RUNPATH_SEARCH_PATHS = "$(inherited) @executable_path/Frameworks";
				PRODUCT_NAME = "$(TARGET_NAME)";
			};
			name = Release;
		};
		BB020C8F1AC9856D00BFC10E /* Debug */ = {
			isa = XCBuildConfiguration;
			buildSettings = {
				BUNDLE_LOADER = "$(TEST_HOST)";
				FRAMEWORK_SEARCH_PATHS = (
					"$(SDKROOT)/Developer/Library/Frameworks",
					"$(inherited)",
				);
				GCC_PREPROCESSOR_DEFINITIONS = (
					"DEBUG=1",
					"$(inherited)",
				);
				INFOPLIST_FILE = codeForIconTests/Info.plist;
				LD_RUNPATH_SEARCH_PATHS = "$(inherited) @executable_path/Frameworks @loader_path/Frameworks";
				PRODUCT_NAME = "$(TARGET_NAME)";
				TEST_HOST = "$(BUILT_PRODUCTS_DIR)/codeForIcon.app/codeForIcon";
			};
			name = Debug;
		};
		BB020C901AC9856D00BFC10E /* Release */ = {
			isa = XCBuildConfiguration;
			buildSettings = {
				BUNDLE_LOADER = "$(TEST_HOST)";
				FRAMEWORK_SEARCH_PATHS = (
					"$(SDKROOT)/Developer/Library/Frameworks",
					"$(inherited)",
				);
				INFOPLIST_FILE = codeForIconTests/Info.plist;
				LD_RUNPATH_SEARCH_PATHS = "$(inherited) @executable_path/Frameworks @loader_path/Frameworks";
				PRODUCT_NAME = "$(TARGET_NAME)";
				TEST_HOST = "$(BUILT_PRODUCTS_DIR)/codeForIcon.app/codeForIcon";
			};
			name = Release;
		};
/* End XCBuildConfiguration section */

/* Begin XCConfigurationList section */
		BB020C631AC9856D00BFC10E /* Build configuration list for PBXProject "codeForIcon" */ = {
			isa = XCConfigurationList;
			buildConfigurations = (
				BB020C891AC9856D00BFC10E /* Debug */,
				BB020C8A1AC9856D00BFC10E /* Release */,
			);
			defaultConfigurationIsVisible = 0;
			defaultConfigurationName = Release;
		};
		BB020C8B1AC9856D00BFC10E /* Build configuration list for PBXNativeTarget "codeForIcon" */ = {
			isa = XCConfigurationList;
			buildConfigurations = (
				BB020C8C1AC9856D00BFC10E /* Debug */,
				BB020C8D1AC9856D00BFC10E /* Release */,
			);
			defaultConfigurationIsVisible = 0;
		};
		BB020C8E1AC9856D00BFC10E /* Build configuration list for PBXNativeTarget "codeForIconTests" */ = {
			isa = XCConfigurationList;
			buildConfigurations = (
				BB020C8F1AC9856D00BFC10E /* Debug */,
				BB020C901AC9856D00BFC10E /* Release */,
			);
			defaultConfigurationIsVisible = 0;
		};
/* End XCConfigurationList section */
	};
	rootObject = BB020C601AC9856D00BFC10E /* Project object */;
}
