// !$*UTF8*$!
{
	archiveVersion = 1;
	classes = {
	};
	objectVersion = 46;
	objects = {

/* Begin PBXBuildFile section */
		BBFE6E2D1CF737FD00504865 /* main.m in Sources */ = {isa = PBXBuildFile; fileRef = BBFE6E2C1CF737FD00504865 /* main.m */; };
		BBFE6E301CF737FD00504865 /* AppDelegate.m in Sources */ = {isa = PBXBuildFile; fileRef = BBFE6E2F1CF737FD00504865 /* AppDelegate.m */; };
		BBFE6E331CF737FD00504865 /* ViewController.m in Sources */ = {isa = PBXBuildFile; fileRef = BBFE6E321CF737FD00504865 /* ViewController.m */; };
		BBFE6E361CF737FD00504865 /* Main.storyboard in Resources */ = {isa = PBXBuildFile; fileRef = BBFE6E341CF737FD00504865 /* Main.storyboard */; };
		BBFE6E381CF737FD00504865 /* Assets.xcassets in Resources */ = {isa = PBXBuildFile; fileRef = BBFE6E371CF737FD00504865 /* Assets.xcassets */; };
		BBFE6E3B1CF737FD00504865 /* LaunchScreen.storyboard in Resources */ = {isa = PBXBuildFile; fileRef = BBFE6E391CF737FD00504865 /* LaunchScreen.storyboard */; };
/* End PBXBuildFile section */

/* Begin PBXFileReference section */
		BBFE6E281CF737FD00504865 /* 本地通知.app */ = {isa = PBXFileReference; explicitFileType = wrapper.application; includeInIndex = 0; path = "本地通知.app"; sourceTree = BUILT_PRODUCTS_DIR; };
		BBFE6E2C1CF737FD00504865 /* main.m */ = {isa = PBXFileReference; lastKnownFileType = sourcecode.c.objc; path = main.m; sourceTree = "<group>"; };
		BBFE6E2E1CF737FD00504865 /* AppDelegate.h */ = {isa = PBXFileReference; lastKnownFileType = sourcecode.c.h; path = AppDelegate.h; sourceTree = "<group>"; };
		BBFE6E2F1CF737FD00504865 /* AppDelegate.m */ = {isa = PBXFileReference; lastKnownFileType = sourcecode.c.objc; path = AppDelegate.m; sourceTree = "<group>"; };
		BBFE6E311CF737FD00504865 /* ViewController.h */ = {isa = PBXFileReference; lastKnownFileType = sourcecode.c.h; path = ViewController.h; sourceTree = "<group>"; };
		BBFE6E321CF737FD00504865 /* ViewController.m */ = {isa = PBXFileReference; lastKnownFileType = sourcecode.c.objc; path = ViewController.m; sourceTree = "<group>"; };
		BBFE6E351CF737FD00504865 /* Base */ = {isa = PBXFileReference; lastKnownFileType = file.storyboard; name = Base; path = Base.lproj/Main.storyboard; sourceTree = "<group>"; };
		BBFE6E371CF737FD00504865 /* Assets.xcassets */ = {isa = PBXFileReference; lastKnownFileType = folder.assetcatalog; path = Assets.xcassets; sourceTree = "<group>"; };
		BBFE6E3A1CF737FD00504865 /* Base */ = {isa = PBXFileReference; lastKnownFileType = file.storyboard; name = Base; path = Base.lproj/LaunchScreen.storyboard; sourceTree = "<group>"; };
		BBFE6E3C1CF737FD00504865 /* Info.plist */ = {isa = PBXFileReference; lastKnownFileType = text.plist.xml; path = Info.plist; sourceTree = "<group>"; };
/* End PBXFileReference section */

/* Begin PBXFrameworksBuildPhase section */
		BBFE6E251CF737FD00504865 /* Frameworks */ = {
			isa = PBXFrameworksBuildPhase;
			buildActionMask = 2147483647;
			files = (
			);
			runOnlyForDeploymentPostprocessing = 0;
		};
/* End PBXFrameworksBuildPhase section */

/* Begin PBXGroup section */
		BBFE6E1F1CF737FD00504865 = {
			isa = PBXGroup;
			children = (
				BBFE6E2A1CF737FD00504865 /* 本地通知 */,
				BBFE6E291CF737FD00504865 /* Products */,
			);
			sourceTree = "<group>";
		};
		BBFE6E291CF737FD00504865 /* Products */ = {
			isa = PBXGroup;
			children = (
				BBFE6E281CF737FD00504865 /* 本地通知.app */,
			);
			name = Products;
			sourceTree = "<group>";
		};
		BBFE6E2A1CF737FD00504865 /* 本地通知 */ = {
			isa = PBXGroup;
			children = (
				BBFE6E2E1CF737FD00504865 /* AppDelegate.h */,
				BBFE6E2F1CF737FD00504865 /* AppDelegate.m */,
				BBFE6E311CF737FD00504865 /* ViewController.h */,
				BBFE6E321CF737FD00504865 /* ViewController.m */,
				BBFE6E341CF737FD00504865 /* Main.storyboard */,
				BBFE6E371CF737FD00504865 /* Assets.xcassets */,
				BBFE6E391CF737FD00504865 /* LaunchScreen.storyboard */,
				BBFE6E3C1CF737FD00504865 /* Info.plist */,
				BBFE6E2B1CF737FD00504865 /* Supporting Files */,
			);
			path = "本地通知";
			sourceTree = "<group>";
		};
		BBFE6E2B1CF737FD00504865 /* Supporting Files */ = {
			isa = PBXGroup;
			children = (
				BBFE6E2C1CF737FD00504865 /* main.m */,
			);
			name = "Supporting Files";
			sourceTree = "<group>";
		};
/* End PBXGroup section */

/* Begin PBXNativeTarget section */
		BBFE6E271CF737FD00504865 /* 本地通知 */ = {
			isa = PBXNativeTarget;
			buildConfigurationList = BBFE6E3F1CF737FD00504865 /* Build configuration list for PBXNativeTarget "本地通知" */;
			buildPhases = (
				BBFE6E241CF737FD00504865 /* Sources */,
				BBFE6E251CF737FD00504865 /* Frameworks */,
				BBFE6E261CF737FD00504865 /* Resources */,
			);
			buildRules = (
			);
			dependencies = (
			);
			name = "本地通知";
			productName = "本地通知";
			productReference = BBFE6E281CF737FD00504865 /* 本地通知.app */;
			productType = "com.apple.product-type.application";
		};
/* End PBXNativeTarget section */

/* Begin PBXProject section */
		BBFE6E201CF737FD00504865 /* Project object */ = {
			isa = PBXProject;
			attributes = {
				LastUpgradeCheck = 0730;
				ORGANIZATIONNAME = ChenShuKun;
				TargetAttributes = {
					BBFE6E271CF737FD00504865 = {
						CreatedOnToolsVersion = 7.3.1;
					};
				};
			};
			buildConfigurationList = BBFE6E231CF737FD00504865 /* Build configuration list for PBXProject "本地通知" */;
			compatibilityVersion = "Xcode 3.2";
			developmentRegion = English;
			hasScannedForEncodings = 0;
			knownRegions = (
				en,
				Base,
			);
			mainGroup = BBFE6E1F1CF737FD00504865;
			productRefGroup = BBFE6E291CF737FD00504865 /* Products */;
			projectDirPath = "";
			projectRoot = "";
			targets = (
				BBFE6E271CF737FD00504865 /* 本地通知 */,
			);
		};
/* End PBXProject section */

/* Begin PBXResourcesBuildPhase section */
		BBFE6E261CF737FD00504865 /* Resources */ = {
			isa = PBXResourcesBuildPhase;
			buildActionMask = 2147483647;
			files = (
				BBFE6E3B1CF737FD00504865 /* LaunchScreen.storyboard in Resources */,
				BBFE6E381CF737FD00504865 /* Assets.xcassets in Resources */,
				BBFE6E361CF737FD00504865 /* Main.storyboard in Resources */,
			);
			runOnlyForDeploymentPostprocessing = 0;
		};
/* End PBXResourcesBuildPhase section */

/* Begin PBXSourcesBuildPhase section */
		BBFE6E241CF737FD00504865 /* Sources */ = {
			isa = PBXSourcesBuildPhase;
			buildActionMask = 2147483647;
			files = (
				BBFE6E331CF737FD00504865 /* ViewController.m in Sources */,
				BBFE6E301CF737FD00504865 /* AppDelegate.m in Sources */,
				BBFE6E2D1CF737FD00504865 /* main.m in Sources */,
			);
			runOnlyForDeploymentPostprocessing = 0;
		};
/* End PBXSourcesBuildPhase section */

/* Begin PBXVariantGroup section */
		BBFE6E341CF737FD00504865 /* Main.storyboard */ = {
			isa = PBXVariantGroup;
			children = (
				BBFE6E351CF737FD00504865 /* Base */,
			);
			name = Main.storyboard;
			sourceTree = "<group>";
		};
		BBFE6E391CF737FD00504865 /* LaunchScreen.storyboard */ = {
			isa = PBXVariantGroup;
			children = (
				BBFE6E3A1CF737FD00504865 /* Base */,
			);
			name = LaunchScreen.storyboard;
			sourceTree = "<group>";
		};
/* End PBXVariantGroup section */

/* Begin XCBuildConfiguration section */
		BBFE6E3D1CF737FD00504865 /* Debug */ = {
			isa = XCBuildConfiguration;
			buildSettings = {
				ALWAYS_SEARCH_USER_PATHS = NO;
				CLANG_ANALYZER_NONNULL = YES;
				CLANG_CXX_LANGUAGE_STANDARD = "gnu++0x";
				CLANG_CXX_LIBRARY = "libc++";
				CLANG_ENABLE_MODULES = YES;
				CLANG_ENABLE_OBJC_ARC = YES;
				CLANG_WARN_BOOL_CONVERSION = YES;
				CLANG_WARN_CONSTANT_CONVERSION = YES;
				CLANG_WARN_DIRECT_OBJC_ISA_USAGE = YES_ERROR;
				CLANG_WARN_EMPTY_BODY = YES;
				CLANG_WARN_ENUM_CONVERSION = YES;
				CLANG_WARN_INT_CONVERSION = YES;
				CLANG_WARN_OBJC_ROOT_CLASS = YES_ERROR;
				CLANG_WARN_UNREACHABLE_CODE = YES;
				CLANG_WARN__DUPLICATE_METHOD_MATCH = YES;
				"CODE_SIGN_IDENTITY[sdk=iphoneos*]" = "iPhone Developer";
				COPY_PHASE_STRIP = NO;
				DEBUG_INFORMATION_FORMAT = dwarf;
				ENABLE_STRICT_OBJC_MSGSEND = YES;
				ENABLE_TESTABILITY = YES;
				GCC_C_LANGUAGE_STANDARD = gnu99;
				GCC_DYNAMIC_NO_PIC = NO;
				GCC_NO_COMMON_BLOCKS = YES;
				GCC_OPTIMIZATION_LEVEL = 0;
				GCC_PREPROCESSOR_DEFINITIONS = (
					"DEBUG=1",
					"$(inherited)",
				);
				GCC_WARN_64_TO_32_BIT_CONVERSION = YES;
				GCC_WARN_ABOUT_RETURN_TYPE = YES_ERROR;
				GCC_WARN_UNDECLARED_SELECTOR = YES;
				GCC_WARN_UNINITIALIZED_AUTOS = YES_AGGRESSIVE;
				GCC_WARN_UNUSED_FUNCTION = YES;
				GCC_WARN_UNUSED_VARIABLE = YES;
				IPHONEOS_DEPLOYMENT_TARGET = 9.3;
				MTL_ENABLE_DEBUG_INFO = YES;
				ONLY_ACTIVE_ARCH = YES;
				SDKROOT = iphoneos;
			};
			name = Debug;
		};
		BBFE6E3E1CF737FD00504865 /* Release */ = {
			isa = XCBuildConfiguration;
			buildSettings = {
				ALWAYS_SEARCH_USER_PATHS = NO;
				CLANG_ANALYZER_NONNULL = YES;
				CLANG_CXX_LANGUAGE_STANDARD = "gnu++0x";
				CLANG_CXX_LIBRARY = "libc++";
				CLANG_ENABLE_MODULES = YES;
				CLANG_ENABLE_OBJC_ARC = YES;
				CLANG_WARN_BOOL_CONVERSION = YES;
				CLANG_WARN_CONSTANT_CONVERSION = YES;
				CLANG_WARN_DIRECT_OBJC_ISA_USAGE = YES_ERROR;
				CLANG_WARN_EMPTY_BODY = YES;
				CLANG_WARN_ENUM_CONVERSION = YES;
				CLANG_WARN_INT_CONVERSION = YES;
				CLANG_WARN_OBJC_ROOT_CLASS = YES_ERROR;
				CLANG_WARN_UNREACHABLE_CODE = YES;
				CLANG_WARN__DUPLICATE_METHOD_MATCH = YES;
				"CODE_SIGN_IDENTITY[sdk=iphoneos*]" = "iPhone Developer";
				COPY_PHASE_STRIP = NO;
				DEBUG_INFORMATION_FORMAT = "dwarf-with-dsym";
				ENABLE_NS_ASSERTIONS = NO;
				ENABLE_STRICT_OBJC_MSGSEND = YES;
				GCC_C_LANGUAGE_STANDARD = gnu99;
				GCC_NO_COMMON_BLOCKS = YES;
				GCC_WARN_64_TO_32_BIT_CONVERSION = YES;
				GCC_WARN_ABOUT_RETURN_TYPE = YES_ERROR;
				GCC_WARN_UNDECLARED_SELECTOR = YES;
				GCC_WARN_UNINITIALIZED_AUTOS = YES_AGGRESSIVE;
				GCC_WARN_UNUSED_FUNCTION = YES;
				GCC_WARN_UNUSED_VARIABLE = YES;
				IPHONEOS_DEPLOYMENT_TARGET = 9.3;
				MTL_ENABLE_DEBUG_INFO = NO;
				SDKROOT = iphoneos;
				VALIDATE_PRODUCT = YES;
			};
			name = Release;
		};
		BBFE6E401CF737FD00504865 /* Debug */ = {
			isa = XCBuildConfiguration;
			buildSettings = {
				ASSETCATALOG_COMPILER_APPICON_NAME = AppIcon;
				INFOPLIST_FILE = "本地通知/Info.plist";
				IPHONEOS_DEPLOYMENT_TARGET = 9.0;
				LD_RUNPATH_SEARCH_PATHS = "$(inherited) @executable_path/Frameworks";
				PRODUCT_BUNDLE_IDENTIFIER = "net.626Qichuang..----";
				PRODUCT_NAME = "$(TARGET_NAME)";
			};
			name = Debug;
		};
		BBFE6E411CF737FD00504865 /* Release */ = {
			isa = XCBuildConfiguration;
			buildSettings = {
				ASSETCATALOG_COMPILER_APPICON_NAME = AppIcon;
				INFOPLIST_FILE = "本地通知/Info.plist";
				IPHONEOS_DEPLOYMENT_TARGET = 9.0;
				LD_RUNPATH_SEARCH_PATHS = "$(inherited) @executable_path/Frameworks";
				PRODUCT_BUNDLE_IDENTIFIER = "net.626Qichuang..----";
				PRODUCT_NAME = "$(TARGET_NAME)";
			};
			name = Release;
		};
/* End XCBuildConfiguration section */

/* Begin XCConfigurationList section */
		BBFE6E231CF737FD00504865 /* Build configuration list for PBXProject "本地通知" */ = {
			isa = XCConfigurationList;
			buildConfigurations = (
				BBFE6E3D1CF737FD00504865 /* Debug */,
				BBFE6E3E1CF737FD00504865 /* Release */,
			);
			defaultConfigurationIsVisible = 0;
			defaultConfigurationName = Release;
		};
		BBFE6E3F1CF737FD00504865 /* Build configuration list for PBXNativeTarget "本地通知" */ = {
			isa = XCConfigurationList;
			buildConfigurations = (
				BBFE6E401CF737FD00504865 /* Debug */,
				BBFE6E411CF737FD00504865 /* Release */,
			);
			defaultConfigurationIsVisible = 0;
		};
/* End XCConfigurationList section */
	};
	rootObject = BBFE6E201CF737FD00504865 /* Project object */;
}
